
Microsoft Visual Studio Solution File, Format Version 12.00
# Visual Studio Version 16
VisualStudioVersion = 16.0.29728.190
MinimumVisualStudioVersion = 10.0.40219.1
Project("{FAE04EC0-301F-11D3-BF4B-00C04F79EFBC}") = "AspNetCore.ExceptionHandling", "AspNetCore.ExceptionHandling\AspNetCore.ExceptionHandling.csproj", "{5DD23E5F-32EE-42BB-BC3F-B34E4B146CEA}"
EndProject
Global
	GlobalSection(SolutionConfigurationPlatforms) = preSolution
		Debug|Any CPU = Debug|Any CPU
		Release|Any CPU = Release|Any CPU
	EndGlobalSection
	GlobalSection(ProjectConfigurationPlatforms) = postSolution
		{5DD23E5F-32EE-42BB-BC3F-B34E4B146CEA}.Debug|Any CPU.ActiveCfg = Debug|Any CPU
		{5DD23E5F-32EE-42BB-BC3F-B34E4B146CEA}.Debug|Any CPU.Build.0 = Debug|Any CPU
		{5DD23E5F-32EE-42BB-BC3F-B34E4B146CEA}.Release|Any CPU.ActiveCfg = Release|Any CPU
		{5DD23E5F-32EE-42BB-BC3F-B34E4B146CEA}.Release|Any CPU.Build.0 = Release|Any CPU
	EndGlobalSection
	GlobalSection(SolutionProperties) = preSolution
		HideSolutionNode = FALSE
	EndGlobalSection
	GlobalSection(ExtensibilityGlobals) = postSolution
		SolutionGuid = {E315C4C0-768B-43D8-8BD4-51B38A5161F9}
	EndGlobalSection
EndGlobal
